{
  "name": "apstoryloader-angular",
  "version": "21.1.0",
  "lockfileVersion": 3,
  "requires": true,
  "packages": {
    "": {
      "name": "apstoryloader-angular",
      "version": "21.1.0",
      "license": "MIT",
      "peerDependencies": {
        "@angular/common": "^21.1.0",
        "@angular/core": "^21.1.0",
        "@progress/kendo-theme-bootstrap": "^6.2.0"
      }
    },
    "node_modules/@angular/common": {
      "version": "21.1.0",
      "resolved": "https://registry.npmjs.org/@angular/common/-/common-21.1.0.tgz",
      "integrity": "sha512-hL3Chp51TU9iBcIfkNtoBS1wuseP1gsyDW2IFtK5HUpAVhbso9B3fdCaDTFkU98A2unluo2YgzI6D/6IS6N+1g==",
      "license": "MIT",
      "peer": true,
      "dependencies": {
        "tslib": "^2.3.0"
      },
      "engines": {
        "node": "^20.19.0 || ^22.12.0 || >=24.0.0"
      },
      "peerDependencies": {
        "@angular/core": "21.1.0",
        "rxjs": "^6.5.3 || ^7.4.0"
      }
    },
    "node_modules/@angular/core": {
      "version": "21.1.0",
      "resolved": "https://registry.npmjs.org/@angular/core/-/core-21.1.0.tgz",
      "integrity": "sha512-QTl9s8GYNN0pt1k3GE6UVlfe6zWtfdykhfchinKq2YJywQ6LBM4UcZgoc56YkgscmyrRFYrr4JYUJjlzTF57+A==",
      "license": "MIT",
      "peer": true,
      "dependencies": {
        "tslib": "^2.3.0"
      },
      "engines": {
        "node": "^20.19.0 || ^22.12.0 || >=24.0.0"
      },
      "peerDependencies": {
        "@angular/compiler": "21.1.0",
        "rxjs": "^6.5.3 || ^7.4.0",
        "zone.js": "~0.15.0 || ~0.16.0"
      },
      "peerDependenciesMeta": {
        "@angular/compiler": {
          "optional": true
        },
        "zone.js": {
          "optional": true
        }
      }
    },
    "node_modules/@popperjs/core": {
      "version": "2.11.6",
      "resolved": "https://registry.npmjs.org/@popperjs/core/-/core-2.11.6.tgz",
      "integrity": "sha512-50/17A98tWUfQ176raKiOGXuYpLyyVMkxxG6oylzL3BPOlA6ADGdK7EYunSa4I064xerltq9TGXs8HmOk5E+vw==",
      "peer": true,
      "funding": {
        "type": "opencollective",
        "url": "https://opencollective.com/popperjs"
      }
    },
    "node_modules/@progress/kendo-font-icons": {
      "version": "1.4.0",
      "resolved": "https://registry.npmjs.org/@progress/kendo-font-icons/-/kendo-font-icons-1.4.0.tgz",
      "integrity": "sha512-+NC522hOYlGWOpDZsDXEDTDeqA+JuD6dpQR/2ZimYGk4ZcfWpywFSZNzIqRDji2AH20dHBHLQMTFEqDC+WBYQA==",
      "peer": true
    },
    "node_modules/@progress/kendo-theme-bootstrap": {
      "version": "6.2.0",
      "resolved": "https://registry.npmjs.org/@progress/kendo-theme-bootstrap/-/kendo-theme-bootstrap-6.2.0.tgz",
      "integrity": "sha512-wPQCjyCPhCaahG6rJm6+87KoAsR1VhwF7VRfGDn+nfXrfHsl3RF57WwUEocttbFuVMg6NIBH7W5d2cNhiazfbQ==",
      "peer": true,
      "dependencies": {
        "@progress/kendo-font-icons": "1.4.0",
        "@progress/kendo-theme-core": "6.2.0",
        "@progress/kendo-theme-default": "6.2.0",
        "@progress/kendo-theme-utils": "6.2.0",
        "bootstrap": "5.2.1"
      }
    },
    "node_modules/@progress/kendo-theme-core": {
      "version": "6.2.0",
      "resolved": "https://registry.npmjs.org/@progress/kendo-theme-core/-/kendo-theme-core-6.2.0.tgz",
      "integrity": "sha512-CSLm1EZQgZ1kVyC4JAMEFojy6wKka3MgL/n7L9Qpn2qCc2HuzqMM7sRCMWENMdTtpKoXj0Km1zyarLx8EQF/Nw==",
      "peer": true
    },
    "node_modules/@progress/kendo-theme-default": {
      "version": "6.2.0",
      "resolved": "https://registry.npmjs.org/@progress/kendo-theme-default/-/kendo-theme-default-6.2.0.tgz",
      "integrity": "sha512-KkqmwcwQtFP8zgDfokTfsjzY6b0vFW/CNv3TnjUH4zkWTNGg+k048VCeqKqQEcyp+G1L5ykKWa3c7Qdu5S3n/g==",
      "peer": true,
      "dependencies": {
        "@progress/kendo-font-icons": "1.4.0",
        "@progress/kendo-theme-core": "6.2.0",
        "@progress/kendo-theme-utils": "6.2.0"
      }
    },
    "node_modules/@progress/kendo-theme-utils": {
      "version": "6.2.0",
      "resolved": "https://registry.npmjs.org/@progress/kendo-theme-utils/-/kendo-theme-utils-6.2.0.tgz",
      "integrity": "sha512-bqGLsHXMrXAlzEa1b4Fw7/IJvxgL+nyCr/xnIVxZWhI2O8DJujK00QQlAyPhNwA13t/rWh/3TrYL+8T9wAls4A==",
      "peer": true,
      "dependencies": {
        "@progress/kendo-theme-core": "6.2.0"
      }
    },
    "node_modules/bootstrap": {
      "version": "5.2.1",
      "resolved": "https://registry.npmjs.org/bootstrap/-/bootstrap-5.2.1.tgz",
      "integrity": "sha512-UQi3v2NpVPEi1n35dmRRzBJFlgvWHYwyem6yHhuT6afYF+sziEt46McRbT//kVXZ7b1YUYEVGdXEH74Nx3xzGA==",
      "funding": [
        {
          "type": "github",
          "url": "https://github.com/sponsors/twbs"
        },
        {
          "type": "opencollective",
          "url": "https://opencollective.com/bootstrap"
        }
      ],
      "peer": true,
      "peerDependencies": {
        "@popperjs/core": "^2.11.6"
      }
    },
    "node_modules/rxjs": {
      "version": "7.8.2",
      "resolved": "https://registry.npmjs.org/rxjs/-/rxjs-7.8.2.tgz",
      "integrity": "sha512-dhKf903U/PQZY6boNNtAGdWbG85WAbjT/1xYoZIC7FAY0yWapOBQVsVrDl58W86//e1VpMNBtRV4MaXfdMySFA==",
      "license": "Apache-2.0",
      "peer": true,
      "dependencies": {
        "tslib": "^2.1.0"
      }
    },
    "node_modules/tslib": {
      "version": "2.8.1",
      "resolved": "https://registry.npmjs.org/tslib/-/tslib-2.8.1.tgz",
      "integrity": "sha512-oJFu94HQb+KVduSUQL7wnpmqnfmLsOA/nAh6b6EH0wCEoK0/mPeXU6c3wKDV83MkOuHPRHtSXKKU99IBazS/2w==",
      "license": "0BSD",
      "peer": true
    }
  }
}
