{
  "name": "apstoryloader-angular",
  "version": "19.1.3",
  "lockfileVersion": 3,
  "requires": true,
  "packages": {
    "": {
      "name": "apstoryloader-angular",
      "version": "19.1.3",
      "license": "MIT",
      "peerDependencies": {
        "@angular/common": "~19.1.3",
        "@angular/core": "~19.1.3",
        "@progress/kendo-theme-bootstrap": "^6.2.0"
      }
    },
    "node_modules/@angular/common": {
      "version": "19.1.3",
      "resolved": "https://registry.npmjs.org/@angular/common/-/common-19.1.3.tgz",
      "integrity": "sha512-r1P0W6FKrON83szIJboF8z6UNCVL4HIxyD+nhmHMMT/iJpu4kDHVugaN/+w2jYLb4oelAJK5xzkzA+1IaHpzLg==",
      "peer": true,
      "dependencies": {
        "tslib": "^2.3.0"
      },
      "engines": {
        "node": "^18.19.1 || ^20.11.1 || >=22.0.0"
      },
      "peerDependencies": {
        "@angular/core": "19.1.3",
        "rxjs": "^6.5.3 || ^7.4.0"
      }
    },
    "node_modules/@angular/core": {
      "version": "19.1.3",
      "resolved": "https://registry.npmjs.org/@angular/core/-/core-19.1.3.tgz",
      "integrity": "sha512-Hh1eHvi+y+gsTRODiEEEWnRj5zqv9WNoou1KmQ1mv1NTOf0Pv61Hg9P2rBWDr0mPIXFSzqUKjyzW30BgdQ+AEA==",
      "peer": true,
      "dependencies": {
        "tslib": "^2.3.0"
      },
      "engines": {
        "node": "^18.19.1 || ^20.11.1 || >=22.0.0"
      },
      "peerDependencies": {
        "rxjs": "^6.5.3 || ^7.4.0",
        "zone.js": "~0.15.0"
      }
    },
    "node_modules/@popperjs/core": {
      "version": "2.11.6",
      "resolved": "https://registry.npmjs.org/@popperjs/core/-/core-2.11.6.tgz",
      "integrity": "sha512-50/17A98tWUfQ176raKiOGXuYpLyyVMkxxG6oylzL3BPOlA6ADGdK7EYunSa4I064xerltq9TGXs8HmOk5E+vw==",
      "peer": true,
      "funding": {
        "type": "opencollective",
        "url": "https://opencollective.com/popperjs"
      }
    },
    "node_modules/@progress/kendo-font-icons": {
      "version": "1.4.0",
      "resolved": "https://registry.npmjs.org/@progress/kendo-font-icons/-/kendo-font-icons-1.4.0.tgz",
      "integrity": "sha512-+NC522hOYlGWOpDZsDXEDTDeqA+JuD6dpQR/2ZimYGk4ZcfWpywFSZNzIqRDji2AH20dHBHLQMTFEqDC+WBYQA==",
      "peer": true
    },
    "node_modules/@progress/kendo-theme-bootstrap": {
      "version": "6.2.0",
      "resolved": "https://registry.npmjs.org/@progress/kendo-theme-bootstrap/-/kendo-theme-bootstrap-6.2.0.tgz",
      "integrity": "sha512-wPQCjyCPhCaahG6rJm6+87KoAsR1VhwF7VRfGDn+nfXrfHsl3RF57WwUEocttbFuVMg6NIBH7W5d2cNhiazfbQ==",
      "peer": true,
      "dependencies": {
        "@progress/kendo-font-icons": "1.4.0",
        "@progress/kendo-theme-core": "6.2.0",
        "@progress/kendo-theme-default": "6.2.0",
        "@progress/kendo-theme-utils": "6.2.0",
        "bootstrap": "5.2.1"
      }
    },
    "node_modules/@progress/kendo-theme-core": {
      "version": "6.2.0",
      "resolved": "https://registry.npmjs.org/@progress/kendo-theme-core/-/kendo-theme-core-6.2.0.tgz",
      "integrity": "sha512-CSLm1EZQgZ1kVyC4JAMEFojy6wKka3MgL/n7L9Qpn2qCc2HuzqMM7sRCMWENMdTtpKoXj0Km1zyarLx8EQF/Nw==",
      "peer": true
    },
    "node_modules/@progress/kendo-theme-default": {
      "version": "6.2.0",
      "resolved": "https://registry.npmjs.org/@progress/kendo-theme-default/-/kendo-theme-default-6.2.0.tgz",
      "integrity": "sha512-KkqmwcwQtFP8zgDfokTfsjzY6b0vFW/CNv3TnjUH4zkWTNGg+k048VCeqKqQEcyp+G1L5ykKWa3c7Qdu5S3n/g==",
      "peer": true,
      "dependencies": {
        "@progress/kendo-font-icons": "1.4.0",
        "@progress/kendo-theme-core": "6.2.0",
        "@progress/kendo-theme-utils": "6.2.0"
      }
    },
    "node_modules/@progress/kendo-theme-utils": {
      "version": "6.2.0",
      "resolved": "https://registry.npmjs.org/@progress/kendo-theme-utils/-/kendo-theme-utils-6.2.0.tgz",
      "integrity": "sha512-bqGLsHXMrXAlzEa1b4Fw7/IJvxgL+nyCr/xnIVxZWhI2O8DJujK00QQlAyPhNwA13t/rWh/3TrYL+8T9wAls4A==",
      "peer": true,
      "dependencies": {
        "@progress/kendo-theme-core": "6.2.0"
      }
    },
    "node_modules/bootstrap": {
      "version": "5.2.1",
      "resolved": "https://registry.npmjs.org/bootstrap/-/bootstrap-5.2.1.tgz",
      "integrity": "sha512-UQi3v2NpVPEi1n35dmRRzBJFlgvWHYwyem6yHhuT6afYF+sziEt46McRbT//kVXZ7b1YUYEVGdXEH74Nx3xzGA==",
      "funding": [
        {
          "type": "github",
          "url": "https://github.com/sponsors/twbs"
        },
        {
          "type": "opencollective",
          "url": "https://opencollective.com/bootstrap"
        }
      ],
      "peer": true,
      "peerDependencies": {
        "@popperjs/core": "^2.11.6"
      }
    },
    "node_modules/rxjs": {
      "version": "7.8.1",
      "resolved": "https://registry.npmjs.org/rxjs/-/rxjs-7.8.1.tgz",
      "integrity": "sha512-AA3TVj+0A2iuIoQkWEK/tqFjBq2j+6PO6Y0zJcvzLAFhEFIO3HL0vls9hWLncZbAAbK0mar7oZ4V079I/qPMxg==",
      "peer": true,
      "dependencies": {
        "tslib": "^2.1.0"
      }
    },
    "node_modules/tslib": {
      "version": "2.8.1",
      "resolved": "https://registry.npmjs.org/tslib/-/tslib-2.8.1.tgz",
      "integrity": "sha512-oJFu94HQb+KVduSUQL7wnpmqnfmLsOA/nAh6b6EH0wCEoK0/mPeXU6c3wKDV83MkOuHPRHtSXKKU99IBazS/2w==",
      "peer": true
    },
    "node_modules/zone.js": {
      "version": "0.15.0",
      "resolved": "https://registry.npmjs.org/zone.js/-/zone.js-0.15.0.tgz",
      "integrity": "sha512-9oxn0IIjbCZkJ67L+LkhYWRyAy7axphb3VgE2MBDlOqnmHMPWGYMxJxBYFueFq/JGY2GMwS0rU+UCLunEmy5UA==",
      "peer": true
    }
  }
}
