{
  "name": "@apstory/logger-angular",
  "version": "20.2.4",
  "lockfileVersion": 3,
  "requires": true,
  "packages": {
    "": {
      "name": "@apstory/logger-angular",
      "version": "20.2.4",
      "license": "MIT",
      "peerDependencies": {
        "@angular/common": "^20.2.4",
        "@angular/core": "^20.2.4",
        "@microsoft/applicationinsights-web": "^3.0.7"
      }
    },
    "node_modules/@angular/common": {
      "version": "20.2.4",
      "resolved": "https://registry.npmjs.org/@angular/common/-/common-20.2.4.tgz",
      "integrity": "sha512-mc6Sq1cYjaPJYThnvG6x0f/E27pWksqwaNJxT1RtwhAGc1i2jsc0su6b7e5NnXEgVbdPqu1MZHAEFdXZ5+/MwQ==",
      "license": "MIT",
      "peer": true,
      "dependencies": {
        "tslib": "^2.3.0"
      },
      "engines": {
        "node": "^20.19.0 || ^22.12.0 || >=24.0.0"
      },
      "peerDependencies": {
        "@angular/core": "20.2.4",
        "rxjs": "^6.5.3 || ^7.4.0"
      }
    },
    "node_modules/@angular/core": {
      "version": "20.2.4",
      "resolved": "https://registry.npmjs.org/@angular/core/-/core-20.2.4.tgz",
      "integrity": "sha512-8yvfvPDWX8M7o82GBl5P1nlvm1ywQ2XZi5HWj3llKpSJE2XjzhATgPrpKwiNVnpgjZWTOwM11fpoAaRKqQjxTA==",
      "license": "MIT",
      "peer": true,
      "dependencies": {
        "tslib": "^2.3.0"
      },
      "engines": {
        "node": "^20.19.0 || ^22.12.0 || >=24.0.0"
      },
      "peerDependencies": {
        "@angular/compiler": "20.2.4",
        "rxjs": "^6.5.3 || ^7.4.0",
        "zone.js": "~0.15.0"
      },
      "peerDependenciesMeta": {
        "@angular/compiler": {
          "optional": true
        },
        "zone.js": {
          "optional": true
        }
      }
    },
    "node_modules/@microsoft/applicationinsights-analytics-js": {
      "version": "3.0.7",
      "resolved": "https://registry.npmjs.org/@microsoft/applicationinsights-analytics-js/-/applicationinsights-analytics-js-3.0.7.tgz",
      "integrity": "sha512-HOcFA4JJUTz+KOqVQoE5g1ExL7Wm+sL2czLKQq1hDkmU4PeO4Oq/pi9SeR6iHDQpXCenMTvAkzvZ9A41ZKIOQA==",
      "peer": true,
      "dependencies": {
        "@microsoft/applicationinsights-common": "3.0.7",
        "@microsoft/applicationinsights-core-js": "3.0.7",
        "@microsoft/applicationinsights-shims": "3.0.1",
        "@microsoft/dynamicproto-js": "^2.0.2",
        "@nevware21/ts-utils": ">= 0.10.1 < 2.x"
      },
      "peerDependencies": {
        "tslib": "*"
      }
    },
    "node_modules/@microsoft/applicationinsights-cfgsync-js": {
      "version": "3.0.7",
      "resolved": "https://registry.npmjs.org/@microsoft/applicationinsights-cfgsync-js/-/applicationinsights-cfgsync-js-3.0.7.tgz",
      "integrity": "sha512-lp+FP5mg35KO1LuCss2wEOR3dYTFLeDbBkqIoQ9TnJje7Yt3gNKHANl9/b8nMmJyL9u2Lp0pc3wzM+InfO5xHw==",
      "peer": true,
      "dependencies": {
        "@microsoft/applicationinsights-common": "3.0.7",
        "@microsoft/applicationinsights-core-js": "3.0.7",
        "@microsoft/applicationinsights-shims": "3.0.1",
        "@microsoft/dynamicproto-js": "^2.0.2",
        "@nevware21/ts-async": ">= 0.3.0 < 2.x",
        "@nevware21/ts-utils": ">= 0.10.1 < 2.x"
      },
      "peerDependencies": {
        "tslib": "*"
      }
    },
    "node_modules/@microsoft/applicationinsights-channel-js": {
      "version": "3.0.7",
      "resolved": "https://registry.npmjs.org/@microsoft/applicationinsights-channel-js/-/applicationinsights-channel-js-3.0.7.tgz",
      "integrity": "sha512-3y8ct8V2bGo7QaYVrfQcWZeOci2tUZhXkme3k7nKa2P7upSX/1d+dPF12EelxrtWVLxtfCQJkk+2W4M1AyejGQ==",
      "peer": true,
      "dependencies": {
        "@microsoft/applicationinsights-common": "3.0.7",
        "@microsoft/applicationinsights-core-js": "3.0.7",
        "@microsoft/applicationinsights-shims": "3.0.1",
        "@microsoft/dynamicproto-js": "^2.0.2",
        "@nevware21/ts-async": ">= 0.3.0 < 2.x",
        "@nevware21/ts-utils": ">= 0.10.1 < 2.x"
      },
      "peerDependencies": {
        "tslib": "*"
      }
    },
    "node_modules/@microsoft/applicationinsights-common": {
      "version": "3.0.7",
      "resolved": "https://registry.npmjs.org/@microsoft/applicationinsights-common/-/applicationinsights-common-3.0.7.tgz",
      "integrity": "sha512-boumvLA7LZu0NmwT9ThpTAI64BNYUlOkFNcjUbYeKNEaE6CBPGX/z25XXlYu+j4hHldDaCn9zC1LuN7AuoMJSA==",
      "peer": true,
      "dependencies": {
        "@microsoft/applicationinsights-core-js": "3.0.7",
        "@microsoft/applicationinsights-shims": "3.0.1",
        "@microsoft/dynamicproto-js": "^2.0.2",
        "@nevware21/ts-utils": ">= 0.10.1 < 2.x"
      },
      "peerDependencies": {
        "tslib": "*"
      }
    },
    "node_modules/@microsoft/applicationinsights-core-js": {
      "version": "3.0.7",
      "resolved": "https://registry.npmjs.org/@microsoft/applicationinsights-core-js/-/applicationinsights-core-js-3.0.7.tgz",
      "integrity": "sha512-sVnnVW4fWXzZdtUTVjuwH3xGa1cj+tW7r72voMZzyuNOZ41fBOCK9AqoV0nKP5VCgNjySwn6Rpbw82I4TKKosQ==",
      "peer": true,
      "dependencies": {
        "@microsoft/applicationinsights-shims": "3.0.1",
        "@microsoft/dynamicproto-js": "^2.0.2",
        "@nevware21/ts-async": ">= 0.3.0 < 2.x",
        "@nevware21/ts-utils": ">= 0.10.1 < 2.x"
      },
      "peerDependencies": {
        "tslib": "*"
      }
    },
    "node_modules/@microsoft/applicationinsights-dependencies-js": {
      "version": "3.0.7",
      "resolved": "https://registry.npmjs.org/@microsoft/applicationinsights-dependencies-js/-/applicationinsights-dependencies-js-3.0.7.tgz",
      "integrity": "sha512-nylC373IWXHUoz3FS9LclMIvGvX/KEeFFCPzZ0i1vjEsBwIB4LJ/5XwvtEk4F/kAXPZr6wFNoxecMhS9nKOfNg==",
      "peer": true,
      "dependencies": {
        "@microsoft/applicationinsights-common": "3.0.7",
        "@microsoft/applicationinsights-core-js": "3.0.7",
        "@microsoft/applicationinsights-shims": "3.0.1",
        "@microsoft/dynamicproto-js": "^2.0.2",
        "@nevware21/ts-async": ">= 0.3.0 < 2.x",
        "@nevware21/ts-utils": ">= 0.10.1 < 2.x"
      },
      "peerDependencies": {
        "tslib": "*"
      }
    },
    "node_modules/@microsoft/applicationinsights-properties-js": {
      "version": "3.0.7",
      "resolved": "https://registry.npmjs.org/@microsoft/applicationinsights-properties-js/-/applicationinsights-properties-js-3.0.7.tgz",
      "integrity": "sha512-vWSs16AJ7bsZxsT34Cv81d/5+SjjniNxNhI+XNzKSBnjhxITrhmRTEbhBbYQAP9118qQsEYW9liQBeLnxg6QSg==",
      "peer": true,
      "dependencies": {
        "@microsoft/applicationinsights-common": "3.0.7",
        "@microsoft/applicationinsights-core-js": "3.0.7",
        "@microsoft/applicationinsights-shims": "3.0.1",
        "@microsoft/dynamicproto-js": "^2.0.2",
        "@nevware21/ts-utils": ">= 0.10.1 < 2.x"
      },
      "peerDependencies": {
        "tslib": "*"
      }
    },
    "node_modules/@microsoft/applicationinsights-shims": {
      "version": "3.0.1",
      "resolved": "https://registry.npmjs.org/@microsoft/applicationinsights-shims/-/applicationinsights-shims-3.0.1.tgz",
      "integrity": "sha512-DKwboF47H1nb33rSUfjqI6ryX29v+2QWcTrRvcQDA32AZr5Ilkr7whOOSsD1aBzwqX0RJEIP1Z81jfE3NBm/Lg==",
      "peer": true,
      "dependencies": {
        "@nevware21/ts-utils": ">= 0.9.4 < 2.x"
      }
    },
    "node_modules/@microsoft/applicationinsights-web": {
      "version": "3.0.7",
      "resolved": "https://registry.npmjs.org/@microsoft/applicationinsights-web/-/applicationinsights-web-3.0.7.tgz",
      "integrity": "sha512-UfX/Fl4Fe2Q72/MXJLCb5MBwTGdMBXmB/JW+eF2dDt6zDZa2OOe8u7daGXjh2ewFdBqb4feb02PDCSDg+nsBeA==",
      "peer": true,
      "dependencies": {
        "@microsoft/applicationinsights-analytics-js": "3.0.7",
        "@microsoft/applicationinsights-cfgsync-js": "3.0.7",
        "@microsoft/applicationinsights-channel-js": "3.0.7",
        "@microsoft/applicationinsights-common": "3.0.7",
        "@microsoft/applicationinsights-core-js": "3.0.7",
        "@microsoft/applicationinsights-dependencies-js": "3.0.7",
        "@microsoft/applicationinsights-properties-js": "3.0.7",
        "@microsoft/applicationinsights-shims": "3.0.1",
        "@microsoft/dynamicproto-js": "^2.0.2",
        "@nevware21/ts-async": ">= 0.3.0 < 2.x",
        "@nevware21/ts-utils": ">= 0.10.1 < 2.x"
      },
      "peerDependencies": {
        "tslib": "*"
      }
    },
    "node_modules/@microsoft/dynamicproto-js": {
      "version": "2.0.2",
      "resolved": "https://registry.npmjs.org/@microsoft/dynamicproto-js/-/dynamicproto-js-2.0.2.tgz",
      "integrity": "sha512-MB8trWaFREpmb037k/d0bB7T2BP7Ai24w1e1tbz3ASLB0/lwphsq3Nq8S9I5AsI5vs4zAQT+SB5nC5/dLYTiOg==",
      "peer": true,
      "dependencies": {
        "@nevware21/ts-utils": ">= 0.9.4 < 2.x"
      }
    },
    "node_modules/@nevware21/ts-async": {
      "version": "0.4.0",
      "resolved": "https://registry.npmjs.org/@nevware21/ts-async/-/ts-async-0.4.0.tgz",
      "integrity": "sha512-dbV826TTehQIBIJjh8GDSbwn1Z6+cnkyNbRlpcpdBPH8mROD2zabIUKqWcw9WRdTjjUIm21K+OR4DXWlAyOVTQ==",
      "peer": true,
      "dependencies": {
        "@nevware21/ts-utils": ">= 0.10.0 < 2.x"
      }
    },
    "node_modules/@nevware21/ts-utils": {
      "version": "0.10.4",
      "resolved": "https://registry.npmjs.org/@nevware21/ts-utils/-/ts-utils-0.10.4.tgz",
      "integrity": "sha512-+QSEh9TZ7SFwZEEyIvP8NabL5I5WFE/gvk4LXtW4LjWyTEc/6t2Hog6r1MmY3hIQG9tLe6fARIAXjAQ/M8Kb6A==",
      "peer": true
    },
    "node_modules/rxjs": {
      "version": "7.8.2",
      "resolved": "https://registry.npmjs.org/rxjs/-/rxjs-7.8.2.tgz",
      "integrity": "sha512-dhKf903U/PQZY6boNNtAGdWbG85WAbjT/1xYoZIC7FAY0yWapOBQVsVrDl58W86//e1VpMNBtRV4MaXfdMySFA==",
      "license": "Apache-2.0",
      "peer": true,
      "dependencies": {
        "tslib": "^2.1.0"
      }
    },
    "node_modules/tslib": {
      "version": "2.5.0",
      "resolved": "https://registry.npmjs.org/tslib/-/tslib-2.5.0.tgz",
      "integrity": "sha512-336iVw3rtn2BUK7ORdIAHTyxHGRIHVReokCR3XjbckJMK7ms8FysBfhLR8IXnAgy7T0PTPNBWKiH514FOW/WSg==",
      "peer": true
    }
  }
}
