{
  "name": "apstorylogger",
  "version": "0.0.1",
  "lockfileVersion": 1,
  "requires": true,
  "dependencies": {
    "@types/applicationinsights-js": {
      "version": "1.0.7",
      "resolved": "https://registry.npmjs.org/@types/applicationinsights-js/-/applicationinsights-js-1.0.7.tgz",
      "integrity": "sha512-oIqnhcvhz0NRJ+vSN56leWsHyUmz7bySe5f88ukwPhXlNzfTB3JyZ6/bw4+B8zjSktBoYxR9Pzf0t18XwRiwHw==",
      "dev": true
    }
  }
}
